// !$*UTF8*$!
{
	archiveVersion = 1;
	classes = {
	};
	objectVersion = 50;
	objects = {

/* Begin PBXBuildFile section */
		506E1EC12203E08100A4FDBF /* AppDelegate.swift in Sources */ = {isa = PBXBuildFile; fileRef = 506E1EC02203E08100A4FDBF /* AppDelegate.swift */; };
		506E1EC32203E08100A4FDBF /* ViewController.swift in Sources */ = {isa = PBXBuildFile; fileRef = 506E1EC22203E08100A4FDBF /* ViewController.swift */; };
		506E1EC62203E08100A4FDBF /* Main.storyboard in Resources */ = {isa = PBXBuildFile; fileRef = 506E1EC42203E08100A4FDBF /* Main.storyboard */; };
		506E1EC82203E08300A4FDBF /* Assets.xcassets in Resources */ = {isa = PBXBuildFile; fileRef = 506E1EC72203E08300A4FDBF /* Assets.xcassets */; };
		506E1ECB2203E08300A4FDBF /* LaunchScreen.storyboard in Resources */ = {isa = PBXBuildFile; fileRef = 506E1EC92203E08300A4FDBF /* LaunchScreen.storyboard */; };
		506E1ED62203E08300A4FDBF /* TestTests.swift in Sources */ = {isa = PBXBuildFile; fileRef = 506E1ED52203E08300A4FDBF /* TestTests.swift */; };
		506E1EE12203E08300A4FDBF /* TestUITests.swift in Sources */ = {isa = PBXBuildFile; fileRef = 506E1EE02203E08300A4FDBF /* TestUITests.swift */; };
/* End PBXBuildFile section */

/* Begin PBXContainerItemProxy section */
		506E1ED22203E08300A4FDBF /* PBXContainerItemProxy */ = {
			isa = PBXContainerItemProxy;
			containerPortal = 506E1EB52203E08100A4FDBF /* Project object */;
			proxyType = 1;
			remoteGlobalIDString = 506E1EBC2203E08100A4FDBF;
			remoteInfo = Test;
		};
		506E1EDD2203E08300A4FDBF /* PBXContainerItemProxy */ = {
			isa = PBXContainerItemProxy;
			containerPortal = 506E1EB52203E08100A4FDBF /* Project object */;
			proxyType = 1;
			remoteGlobalIDString = 506E1EBC2203E08100A4FDBF;
			remoteInfo = Test;
		};
/* End PBXContainerItemProxy section */

/* Begin PBXFileReference section */
		506E1EBD2203E08100A4FDBF /* Test.app */ = {isa = PBXFileReference; explicitFileType = wrapper.application; includeInIndex = 0; path = Test.app; sourceTree = BUILT_PRODUCTS_DIR; };
		506E1EC02203E08100A4FDBF /* AppDelegate.swift */ = {isa = PBXFileReference; lastKnownFileType = sourcecode.swift; path = AppDelegate.swift; sourceTree = "<group>"; };
		506E1EC22203E08100A4FDBF /* ViewController.swift */ = {isa = PBXFileReference; lastKnownFileType = sourcecode.swift; path = ViewController.swift; sourceTree = "<group>"; };
		506E1EC52203E08100A4FDBF /* Base */ = {isa = PBXFileReference; lastKnownFileType = file.storyboard; name = Base; path = Base.lproj/Main.storyboard; sourceTree = "<group>"; };
		506E1EC72203E08300A4FDBF /* Assets.xcassets */ = {isa = PBXFileReference; lastKnownFileType = folder.assetcatalog; path = Assets.xcassets; sourceTree = "<group>"; };
		506E1ECA2203E08300A4FDBF /* Base */ = {isa = PBXFileReference; lastKnownFileType = file.storyboard; name = Base; path = Base.lproj/LaunchScreen.storyboard; sourceTree = "<group>"; };
		506E1ECC2203E08300A4FDBF /* Info.plist */ = {isa = PBXFileReference; lastKnownFileType = text.plist.xml; path = Info.plist; sourceTree = "<group>"; };
		506E1ED12203E08300A4FDBF /* TestTests.xctest */ = {isa = PBXFileReference; explicitFileType = wrapper.cfbundle; includeInIndex = 0; path = TestTests.xctest; sourceTree = BUILT_PRODUCTS_DIR; };
		506E1ED52203E08300A4FDBF /* TestTests.swift */ = {isa = PBXFileReference; lastKnownFileType = sourcecode.swift; path = TestTests.swift; sourceTree = "<group>"; };
		506E1ED72203E08300A4FDBF /* Info.plist */ = {isa = PBXFileReference; lastKnownFileType = text.plist.xml; path = Info.plist; sourceTree = "<group>"; };
		506E1EDC2203E08300A4FDBF /* TestUITests.xctest */ = {isa = PBXFileReference; explicitFileType = wrapper.cfbundle; includeInIndex = 0; path = TestUITests.xctest; sourceTree = BUILT_PRODUCTS_DIR; };
		506E1EE02203E08300A4FDBF /* TestUITests.swift */ = {isa = PBXFileReference; lastKnownFileType = sourcecode.swift; path = TestUITests.swift; sourceTree = "<group>"; };
		506E1EE22203E08300A4FDBF /* Info.plist */ = {isa = PBXFileReference; lastKnownFileType = text.plist.xml; path = Info.plist; sourceTree = "<group>"; };
/* End PBXFileReference section */

/* Begin PBXFrameworksBuildPhase section */
		506E1EBA2203E08100A4FDBF /* Frameworks */ = {
			isa = PBXFrameworksBuildPhase;
			buildActionMask = 2147483647;
			files = (
			);
			runOnlyForDeploymentPostprocessing = 0;
		};
		506E1ECE2203E08300A4FDBF /* Frameworks */ = {
			isa = PBXFrameworksBuildPhase;
			buildActionMask = 2147483647;
			files = (
			);
			runOnlyForDeploymentPostprocessing = 0;
		};
		506E1ED92203E08300A4FDBF /* Frameworks */ = {
			isa = PBXFrameworksBuildPhase;
			buildActionMask = 2147483647;
			files = (
			);
			runOnlyForDeploymentPostprocessing = 0;
		};
/* End PBXFrameworksBuildPhase section */

/* Begin PBXGroup section */
		506E1EB42203E08100A4FDBF = {
			isa = PBXGroup;
			children = (
				506E1EBF2203E08100A4FDBF /* Test */,
				506E1ED42203E08300A4FDBF /* TestTests */,
				506E1EDF2203E08300A4FDBF /* TestUITests */,
				506E1EBE2203E08100A4FDBF /* Products */,
			);
			sourceTree = "<group>";
		};
		506E1EBE2203E08100A4FDBF /* Products */ = {
			isa = PBXGroup;
			children = (
				506E1EBD2203E08100A4FDBF /* Test.app */,
				506E1ED12203E08300A4FDBF /* TestTests.xctest */,
				506E1EDC2203E08300A4FDBF /* TestUITests.xctest */,
			);
			name = Products;
			sourceTree = "<group>";
		};
		506E1EBF2203E08100A4FDBF /* Test */ = {
			isa = PBXGroup;
			children = (
				506E1EC02203E08100A4FDBF /* AppDelegate.swift */,
				506E1EC22203E08100A4FDBF /* ViewController.swift */,
				506E1EC42203E08100A4FDBF /* Main.storyboard */,
				506E1EC72203E08300A4FDBF /* Assets.xcassets */,
				506E1EC92203E08300A4FDBF /* LaunchScreen.storyboard */,
				506E1ECC2203E08300A4FDBF /* Info.plist */,
			);
			path = Test;
			sourceTree = "<group>";
		};
		506E1ED42203E08300A4FDBF /* TestTests */ = {
			isa = PBXGroup;
			children = (
				506E1ED52203E08300A4FDBF /* TestTests.swift */,
				506E1ED72203E08300A4FDBF /* Info.plist */,
			);
			path = TestTests;
			sourceTree = "<group>";
		};
		506E1EDF2203E08300A4FDBF /* TestUITests */ = {
			isa = PBXGroup;
			children = (
				506E1EE02203E08300A4FDBF /* TestUITests.swift */,
				506E1EE22203E08300A4FDBF /* Info.plist */,
			);
			path = TestUITests;
			sourceTree = "<group>";
		};
/* End PBXGroup section */

/* Begin PBXNativeTarget section */
		506E1EBC2203E08100A4FDBF /* Test */ = {
			isa = PBXNativeTarget;
			buildConfigurationList = 506E1EE52203E08300A4FDBF /* Build configuration list for PBXNativeTarget "Test" */;
			buildPhases = (
				506E1EB92203E08100A4FDBF /* Sources */,
				506E1EBA2203E08100A4FDBF /* Frameworks */,
				506E1EBB2203E08100A4FDBF /* Resources */,
			);
			buildRules = (
			);
			dependencies = (
			);
			name = Test;
			productName = Test;
			productReference = 506E1EBD2203E08100A4FDBF /* Test.app */;
			productType = "com.apple.product-type.application";
		};
		506E1ED02203E08300A4FDBF /* TestTests */ = {
			isa = PBXNativeTarget;
			buildConfigurationList = 506E1EE82203E08300A4FDBF /* Build configuration list for PBXNativeTarget "TestTests" */;
			buildPhases = (
				506E1ECD2203E08300A4FDBF /* Sources */,
				506E1ECE2203E08300A4FDBF /* Frameworks */,
				506E1ECF2203E08300A4FDBF /* Resources */,
			);
			buildRules = (
			);
			dependencies = (
				506E1ED32203E08300A4FDBF /* PBXTargetDependency */,
			);
			name = TestTests;
			productName = TestTests;
			productReference = 506E1ED12203E08300A4FDBF /* TestTests.xctest */;
			productType = "com.apple.product-type.bundle.unit-test";
		};
		506E1EDB2203E08300A4FDBF /* TestUITests */ = {
			isa = PBXNativeTarget;
			buildConfigurationList = 506E1EEB2203E08300A4FDBF /* Build configuration list for PBXNativeTarget "TestUITests" */;
			buildPhases = (
				506E1ED82203E08300A4FDBF /* Sources */,
				506E1ED92203E08300A4FDBF /* Frameworks */,
				506E1EDA2203E08300A4FDBF /* Resources */,
			);
			buildRules = (
			);
			dependencies = (
				506E1EDE2203E08300A4FDBF /* PBXTargetDependency */,
			);
			name = TestUITests;
			productName = TestUITests;
			productReference = 506E1EDC2203E08300A4FDBF /* TestUITests.xctest */;
			productType = "com.apple.product-type.bundle.ui-testing";
		};
/* End PBXNativeTarget section */

/* Begin PBXProject section */
		506E1EB52203E08100A4FDBF /* Project object */ = {
			isa = PBXProject;
			attributes = {
				LastSwiftUpdateCheck = 1010;
				LastUpgradeCheck = 1010;
				ORGANIZATIONNAME = "JAVIER VILLA";
				TargetAttributes = {
					506E1EBC2203E08100A4FDBF = {
						CreatedOnToolsVersion = 10.1;
					};
					506E1ED02203E08300A4FDBF = {
						CreatedOnToolsVersion = 10.1;
						TestTargetID = 506E1EBC2203E08100A4FDBF;
					};
					506E1EDB2203E08300A4FDBF = {
						CreatedOnToolsVersion = 10.1;
						TestTargetID = 506E1EBC2203E08100A4FDBF;
					};
				};
			};
			buildConfigurationList = 506E1EB82203E08100A4FDBF /* Build configuration list for PBXProject "Test" */;
			compatibilityVersion = "Xcode 9.3";
			developmentRegion = en;
			hasScannedForEncodings = 0;
			knownRegions = (
				en,
				Base,
			);
			mainGroup = 506E1EB42203E08100A4FDBF;
			productRefGroup = 506E1EBE2203E08100A4FDBF /* Products */;
			projectDirPath = "";
			projectRoot = "";
			targets = (
				506E1EBC2203E08100A4FDBF /* Test */,
				506E1ED02203E08300A4FDBF /* TestTests */,
				506E1EDB2203E08300A4FDBF /* TestUITests */,
			);
		};
/* End PBXProject section */

/* Begin PBXResourcesBuildPhase section */
		506E1EBB2203E08100A4FDBF /* Resources */ = {
			isa = PBXResourcesBuildPhase;
			buildActionMask = 2147483647;
			files = (
				506E1ECB2203E08300A4FDBF /* LaunchScreen.storyboard in Resources */,
				506E1EC82203E08300A4FDBF /* Assets.xcassets in Resources */,
				506E1EC62203E08100A4FDBF /* Main.storyboard in Resources */,
			);
			runOnlyForDeploymentPostprocessing = 0;
		};
		506E1ECF2203E08300A4FDBF /* Resources */ = {
			isa = PBXResourcesBuildPhase;
			buildActionMask = 2147483647;
			files = (
			);
			runOnlyForDeploymentPostprocessing = 0;
		};
		506E1EDA2203E08300A4FDBF /* Resources */ = {
			isa = PBXResourcesBuildPhase;
			buildActionMask = 2147483647;
			files = (
			);
			runOnlyForDeploymentPostprocessing = 0;
		};
/* End PBXResourcesBuildPhase section */

/* Begin PBXSourcesBuildPhase section */
		506E1EB92203E08100A4FDBF /* Sources */ = {
			isa = PBXSourcesBuildPhase;
			buildActionMask = 2147483647;
			files = (
				506E1EC32203E08100A4FDBF /* ViewController.swift in Sources */,
				506E1EC12203E08100A4FDBF /* AppDelegate.swift in Sources */,
			);
			runOnlyForDeploymentPostprocessing = 0;
		};
		506E1ECD2203E08300A4FDBF /* Sources */ = {
			isa = PBXSourcesBuildPhase;
			buildActionMask = 2147483647;
			files = (
				506E1ED62203E08300A4FDBF /* TestTests.swift in Sources */,
			);
			runOnlyForDeploymentPostprocessing = 0;
		};
		506E1ED82203E08300A4FDBF /* Sources */ = {
			isa = PBXSourcesBuildPhase;
			buildActionMask = 2147483647;
			files = (
				506E1EE12203E08300A4FDBF /* TestUITests.swift in Sources */,
			);
			runOnlyForDeploymentPostprocessing = 0;
		};
/* End PBXSourcesBuildPhase section */

/* Begin PBXTargetDependency section */
		506E1ED32203E08300A4FDBF /* PBXTargetDependency */ = {
			isa = PBXTargetDependency;
			target = 506E1EBC2203E08100A4FDBF /* Test */;
			targetProxy = 506E1ED22203E08300A4FDBF /* PBXContainerItemProxy */;
		};
		506E1EDE2203E08300A4FDBF /* PBXTargetDependency */ = {
			isa = PBXTargetDependency;
			target = 506E1EBC2203E08100A4FDBF /* Test */;
			targetProxy = 506E1EDD2203E08300A4FDBF /* PBXContainerItemProxy */;
		};
/* End PBXTargetDependency section */

/* Begin PBXVariantGroup section */
		506E1EC42203E08100A4FDBF /* Main.storyboard */ = {
			isa = PBXVariantGroup;
			children = (
				506E1EC52203E08100A4FDBF /* Base */,
			);
			name = Main.storyboard;
			sourceTree = "<group>";
		};
		506E1EC92203E08300A4FDBF /* LaunchScreen.storyboard */ = {
			isa = PBXVariantGroup;
			children = (
				506E1ECA2203E08300A4FDBF /* Base */,
			);
			name = LaunchScreen.storyboard;
			sourceTree = "<group>";
		};
/* End PBXVariantGroup section */

/* Begin XCBuildConfiguration section */
		506E1EE32203E08300A4FDBF /* Debug */ = {
			isa = XCBuildConfiguration;
			buildSettings = {
				ALWAYS_SEARCH_USER_PATHS = NO;
				CLANG_ANALYZER_NONNULL = YES;
				CLANG_ANALYZER_NUMBER_OBJECT_CONVERSION = YES_AGGRESSIVE;
				CLANG_CXX_LANGUAGE_STANDARD = "gnu++14";
				CLANG_CXX_LIBRARY = "libc++";
				CLANG_ENABLE_MODULES = YES;
				CLANG_ENABLE_OBJC_ARC = YES;
				CLANG_ENABLE_OBJC_WEAK = YES;
				CLANG_WARN_BLOCK_CAPTURE_AUTORELEASING = YES;
				CLANG_WARN_BOOL_CONVERSION = YES;
				CLANG_WARN_COMMA = YES;
				CLANG_WARN_CONSTANT_CONVERSION = YES;
				CLANG_WARN_DEPRECATED_OBJC_IMPLEMENTATIONS = YES;
				CLANG_WARN_DIRECT_OBJC_ISA_USAGE = YES_ERROR;
				CLANG_WARN_DOCUMENTATION_COMMENTS = YES;
				CLANG_WARN_EMPTY_BODY = YES;
				CLANG_WARN_ENUM_CONVERSION = YES;
				CLANG_WARN_INFINITE_RECURSION = YES;
				CLANG_WARN_INT_CONVERSION = YES;
				CLANG_WARN_NON_LITERAL_NULL_CONVERSION = YES;
				CLANG_WARN_OBJC_IMPLICIT_RETAIN_SELF = YES;
				CLANG_WARN_OBJC_LITERAL_CONVERSION = YES;
				CLANG_WARN_OBJC_ROOT_CLASS = YES_ERROR;
				CLANG_WARN_RANGE_LOOP_ANALYSIS = YES;
				CLANG_WARN_STRICT_PROTOTYPES = YES;
				CLANG_WARN_SUSPICIOUS_MOVE = YES;
				CLANG_WARN_UNGUARDED_AVAILABILITY = YES_AGGRESSIVE;
				CLANG_WARN_UNREACHABLE_CODE = YES;
				CLANG_WARN__DUPLICATE_METHOD_MATCH = YES;
				CODE_SIGN_IDENTITY = "iPhone Developer";
				COPY_PHASE_STRIP = NO;
				DEBUG_INFORMATION_FORMAT = dwarf;
				ENABLE_STRICT_OBJC_MSGSEND = YES;
				ENABLE_TESTABILITY = YES;
				GCC_C_LANGUAGE_STANDARD = gnu11;
				GCC_DYNAMIC_NO_PIC = NO;
				GCC_NO_COMMON_BLOCKS = YES;
				GCC_OPTIMIZATION_LEVEL = 0;
				GCC_PREPROCESSOR_DEFINITIONS = (
					"DEBUG=1",
					"$(inherited)",
				);
				GCC_WARN_64_TO_32_BIT_CONVERSION = YES;
				GCC_WARN_ABOUT_RETURN_TYPE = YES_ERROR;
				GCC_WARN_UNDECLARED_SELECTOR = YES;
				GCC_WARN_UNINITIALIZED_AUTOS = YES_AGGRESSIVE;
				GCC_WARN_UNUSED_FUNCTION = YES;
				GCC_WARN_UNUSED_VARIABLE = YES;
				IPHONEOS_DEPLOYMENT_TARGET = 12.1;
				MTL_ENABLE_DEBUG_INFO = INCLUDE_SOURCE;
				MTL_FAST_MATH = YES;
				ONLY_ACTIVE_ARCH = YES;
				SDKROOT = iphoneos;
				SWIFT_ACTIVE_COMPILATION_CONDITIONS = DEBUG;
				SWIFT_OPTIMIZATION_LEVEL = "-Onone";
			};
			name = Debug;
		};
		506E1EE42203E08300A4FDBF /* Release */ = {
			isa = XCBuildConfiguration;
			buildSettings = {
				ALWAYS_SEARCH_USER_PATHS = NO;
				CLANG_ANALYZER_NONNULL = YES;
				CLANG_ANALYZER_NUMBER_OBJECT_CONVERSION = YES_AGGRESSIVE;
				CLANG_CXX_LANGUAGE_STANDARD = "gnu++14";
				CLANG_CXX_LIBRARY = "libc++";
				CLANG_ENABLE_MODULES = YES;
				CLANG_ENABLE_OBJC_ARC = YES;
				CLANG_ENABLE_OBJC_WEAK = YES;
				CLANG_WARN_BLOCK_CAPTURE_AUTORELEASING = YES;
				CLANG_WARN_BOOL_CONVERSION = YES;
				CLANG_WARN_COMMA = YES;
				CLANG_WARN_CONSTANT_CONVERSION = YES;
				CLANG_WARN_DEPRECATED_OBJC_IMPLEMENTATIONS = YES;
				CLANG_WARN_DIRECT_OBJC_ISA_USAGE = YES_ERROR;
				CLANG_WARN_DOCUMENTATION_COMMENTS = YES;
				CLANG_WARN_EMPTY_BODY = YES;
				CLANG_WARN_ENUM_CONVERSION = YES;
				CLANG_WARN_INFINITE_RECURSION = YES;
				CLANG_WARN_INT_CONVERSION = YES;
				CLANG_WARN_NON_LITERAL_NULL_CONVERSION = YES;
				CLANG_WARN_OBJC_IMPLICIT_RETAIN_SELF = YES;
				CLANG_WARN_OBJC_LITERAL_CONVERSION = YES;
				CLANG_WARN_OBJC_ROOT_CLASS = YES_ERROR;
				CLANG_WARN_RANGE_LOOP_ANALYSIS = YES;
				CLANG_WARN_STRICT_PROTOTYPES = YES;
				CLANG_WARN_SUSPICIOUS_MOVE = YES;
				CLANG_WARN_UNGUARDED_AVAILABILITY = YES_AGGRESSIVE;
				CLANG_WARN_UNREACHABLE_CODE = YES;
				CLANG_WARN__DUPLICATE_METHOD_MATCH = YES;
				CODE_SIGN_IDENTITY = "iPhone Developer";
				COPY_PHASE_STRIP = NO;
				DEBUG_INFORMATION_FORMAT = "dwarf-with-dsym";
				ENABLE_NS_ASSERTIONS = NO;
				ENABLE_STRICT_OBJC_MSGSEND = YES;
				GCC_C_LANGUAGE_STANDARD = gnu11;
				GCC_NO_COMMON_BLOCKS = YES;
				GCC_WARN_64_TO_32_BIT_CONVERSION = YES;
				GCC_WARN_ABOUT_RETURN_TYPE = YES_ERROR;
				GCC_WARN_UNDECLARED_SELECTOR = YES;
				GCC_WARN_UNINITIALIZED_AUTOS = YES_AGGRESSIVE;
				GCC_WARN_UNUSED_FUNCTION = YES;
				GCC_WARN_UNUSED_VARIABLE = YES;
				IPHONEOS_DEPLOYMENT_TARGET = 12.1;
				MTL_ENABLE_DEBUG_INFO = NO;
				MTL_FAST_MATH = YES;
				SDKROOT = iphoneos;
				SWIFT_COMPILATION_MODE = wholemodule;
				SWIFT_OPTIMIZATION_LEVEL = "-O";
				VALIDATE_PRODUCT = YES;
			};
			name = Release;
		};
		506E1EE62203E08300A4FDBF /* Debug */ = {
			isa = XCBuildConfiguration;
			buildSettings = {
				ASSETCATALOG_COMPILER_APPICON_NAME = AppIcon;
				CODE_SIGN_STYLE = Automatic;
				INFOPLIST_FILE = Test/Info.plist;
				LD_RUNPATH_SEARCH_PATHS = (
					"$(inherited)",
					"@executable_path/Frameworks",
				);
				PRODUCT_BUNDLE_IDENTIFIER = ThisIsJustATest.Test;
				PRODUCT_NAME = "$(TARGET_NAME)";
				SWIFT_VERSION = 4.2;
				TARGETED_DEVICE_FAMILY = "1,2";
			};
			name = Debug;
		};
		506E1EE72203E08300A4FDBF /* Release */ = {
			isa = XCBuildConfiguration;
			buildSettings = {
				ASSETCATALOG_COMPILER_APPICON_NAME = AppIcon;
				CODE_SIGN_STYLE = Automatic;
				INFOPLIST_FILE = Test/Info.plist;
				LD_RUNPATH_SEARCH_PATHS = (
					"$(inherited)",
					"@executable_path/Frameworks",
				);
				PRODUCT_BUNDLE_IDENTIFIER = ThisIsJustATest.Test;
				PRODUCT_NAME = "$(TARGET_NAME)";
				SWIFT_VERSION = 4.2;
				TARGETED_DEVICE_FAMILY = "1,2";
			};
			name = Release;
		};
		506E1EE92203E08300A4FDBF /* Debug */ = {
			isa = XCBuildConfiguration;
			buildSettings = {
				ALWAYS_EMBED_SWIFT_STANDARD_LIBRARIES = YES;
				BUNDLE_LOADER = "$(TEST_HOST)";
				CODE_SIGN_STYLE = Automatic;
				INFOPLIST_FILE = TestTests/Info.plist;
				LD_RUNPATH_SEARCH_PATHS = (
					"$(inherited)",
					"@executable_path/Frameworks",
					"@loader_path/Frameworks",
				);
				PRODUCT_BUNDLE_IDENTIFIER = ThisIsJustATest.TestTests;
				PRODUCT_NAME = "$(TARGET_NAME)";
				SWIFT_VERSION = 4.2;
				TARGETED_DEVICE_FAMILY = "1,2";
				TEST_HOST = "$(BUILT_PRODUCTS_DIR)/Test.app/Test";
			};
			name = Debug;
		};
		506E1EEA2203E08300A4FDBF /* Release */ = {
			isa = XCBuildConfiguration;
			buildSettings = {
				ALWAYS_EMBED_SWIFT_STANDARD_LIBRARIES = YES;
				BUNDLE_LOADER = "$(TEST_HOST)";
				CODE_SIGN_STYLE = Automatic;
				INFOPLIST_FILE = TestTests/Info.plist;
				LD_RUNPATH_SEARCH_PATHS = (
					"$(inherited)",
					"@executable_path/Frameworks",
					"@loader_path/Frameworks",
				);
				PRODUCT_BUNDLE_IDENTIFIER = ThisIsJustATest.TestTests;
				PRODUCT_NAME = "$(TARGET_NAME)";
				SWIFT_VERSION = 4.2;
				TARGETED_DEVICE_FAMILY = "1,2";
				TEST_HOST = "$(BUILT_PRODUCTS_DIR)/Test.app/Test";
			};
			name = Release;
		};
		506E1EEC2203E08300A4FDBF /* Debug */ = {
			isa = XCBuildConfiguration;
			buildSettings = {
				ALWAYS_EMBED_SWIFT_STANDARD_LIBRARIES = YES;
				CODE_SIGN_STYLE = Automatic;
				INFOPLIST_FILE = TestUITests/Info.plist;
				LD_RUNPATH_SEARCH_PATHS = (
					"$(inherited)",
					"@executable_path/Frameworks",
					"@loader_path/Frameworks",
				);
				PRODUCT_BUNDLE_IDENTIFIER = ThisIsJustATest.TestUITests;
				PRODUCT_NAME = "$(TARGET_NAME)";
				SWIFT_VERSION = 4.2;
				TARGETED_DEVICE_FAMILY = "1,2";
				TEST_TARGET_NAME = Test;
			};
			name = Debug;
		};
		506E1EED2203E08300A4FDBF /* Release */ = {
			isa = XCBuildConfiguration;
			buildSettings = {
				ALWAYS_EMBED_SWIFT_STANDARD_LIBRARIES = YES;
				CODE_SIGN_STYLE = Automatic;
				INFOPLIST_FILE = TestUITests/Info.plist;
				LD_RUNPATH_SEARCH_PATHS = (
					"$(inherited)",
					"@executable_path/Frameworks",
					"@loader_path/Frameworks",
				);
				PRODUCT_BUNDLE_IDENTIFIER = ThisIsJustATest.TestUITests;
				PRODUCT_NAME = "$(TARGET_NAME)";
				SWIFT_VERSION = 4.2;
				TARGETED_DEVICE_FAMILY = "1,2";
				TEST_TARGET_NAME = Test;
			};
			name = Release;
		};
/* End XCBuildConfiguration section */

/* Begin XCConfigurationList section */
		506E1EB82203E08100A4FDBF /* Build configuration list for PBXProject "Test" */ = {
			isa = XCConfigurationList;
			buildConfigurations = (
				506E1EE32203E08300A4FDBF /* Debug */,
				506E1EE42203E08300A4FDBF /* Release */,
			);
			defaultConfigurationIsVisible = 0;
			defaultConfigurationName = Release;
		};
		506E1EE52203E08300A4FDBF /* Build configuration list for PBXNativeTarget "Test" */ = {
			isa = XCConfigurationList;
			buildConfigurations = (
				506E1EE62203E08300A4FDBF /* Debug */,
				506E1EE72203E08300A4FDBF /* Release */,
			);
			defaultConfigurationIsVisible = 0;
			defaultConfigurationName = Release;
		};
		506E1EE82203E08300A4FDBF /* Build configuration list for PBXNativeTarget "TestTests" */ = {
			isa = XCConfigurationList;
			buildConfigurations = (
				506E1EE92203E08300A4FDBF /* Debug */,
				506E1EEA2203E08300A4FDBF /* Release */,
			);
			defaultConfigurationIsVisible = 0;
			defaultConfigurationName = Release;
		};
		506E1EEB2203E08300A4FDBF /* Build configuration list for PBXNativeTarget "TestUITests" */ = {
			isa = XCConfigurationList;
			buildConfigurations = (
				506E1EEC2203E08300A4FDBF /* Debug */,
				506E1EED2203E08300A4FDBF /* Release */,
			);
			defaultConfigurationIsVisible = 0;
			defaultConfigurationName = Release;
		};
/* End XCConfigurationList section */
	};
	rootObject = 506E1EB52203E08100A4FDBF /* Project object */;
}
